
Microsoft Visual Studio Solution File, Format Version 12.00
# Visual Studio 15
Project("{FAE04EC0-301F-11D3-BF4B-00C04F79EFBC}") = "UnityEngine.TestRunner", "UnityEngine.TestRunner.csproj", "{148DC4F3-712D-D0AE-6677-C44DB318B4BC}"
EndProject
Project("{FAE04EC0-301F-11D3-BF4B-00C04F79EFBC}") = "Unity.Mathematics", "Unity.Mathematics.csproj", "{50C671FD-2826-AD51-20E7-5EBB66050269}"
EndProject
Project("{FAE04EC0-301F-11D3-BF4B-00C04F79EFBC}") = "Unity.2D.Animation.Triangle.Runtime", "Unity.2D.Animation.Triangle.Runtime.csproj", "{83587BA1-44D1-FD22-E4CB-AF26BD1BD288}"
EndProject
Project("{FAE04EC0-301F-11D3-BF4B-00C04F79EFBC}") = "Unity.Timeline", "Unity.Timeline.csproj", "{B897BF49-C670-EEE8-83DE-6AA3E455C9BF}"
EndProject
Project("{FAE04EC0-301F-11D3-BF4B-00C04F79EFBC}") = "UnityEngine.UI", "UnityEngine.UI.csproj", "{5894E448-A036-BBFA-8C32-10E10CD4A4D8}"
EndProject
Project("{FAE04EC0-301F-11D3-BF4B-00C04F79EFBC}") = "Unity.TextMeshPro", "Unity.TextMeshPro.csproj", "{871B7546-D330-5F50-388F-5CB1E107C6AF}"
EndProject
Project("{FAE04EC0-301F-11D3-BF4B-00C04F79EFBC}") = "Unity.2D.Animation.Runtime", "Unity.2D.Animation.Runtime.csproj", "{92658A0C-7528-89BF-94A3-4338956CDDE6}"
EndProject
Project("{FAE04EC0-301F-11D3-BF4B-00C04F79EFBC}") = "Unity.2D.IK.Runtime", "Unity.2D.IK.Runtime.csproj", "{4B4FB034-E08E-A894-15F9-1BD0F4A40A9C}"
EndProject
Project("{FAE04EC0-301F-11D3-BF4B-00C04F79EFBC}") = "Unity.2D.SpriteShape.Runtime", "Unity.2D.SpriteShape.Runtime.csproj", "{AE9BC9F3-1C3F-79CE-5716-78645674A966}"
EndProject
Project("{FAE04EC0-301F-11D3-BF4B-00C04F79EFBC}") = "Unity.2D.PixelPerfect", "Unity.2D.PixelPerfect.csproj", "{43929F3F-FEDB-31A7-E1A2-518D7E5D7804}"
EndProject
Project("{FAE04EC0-301F-11D3-BF4B-00C04F79EFBC}") = "Unity.2D.Common.Runtime", "Unity.2D.Common.Runtime.csproj", "{CD18AA64-4E1A-D20C-A48B-5AA1021BEED4}"
EndProject
Project("{FAE04EC0-301F-11D3-BF4B-00C04F79EFBC}") = "Unity.InternalAPIEngineBridge.001", "Unity.InternalAPIEngineBridge.001.csproj", "{F071258B-CBC4-7BC6-9C39-3A9B49085B54}"
EndProject
Project("{FAE04EC0-301F-11D3-BF4B-00C04F79EFBC}") = "UnityEditor.TestRunner", "UnityEditor.TestRunner.csproj", "{2D94372E-0079-D771-9842-90A3179993FD}"
EndProject
Project("{FAE04EC0-301F-11D3-BF4B-00C04F79EFBC}") = "Unity.PlasticSCM.Editor", "Unity.PlasticSCM.Editor.csproj", "{D4851618-13BB-FF4D-AD46-FA9F98BFF40E}"
EndProject
Project("{FAE04EC0-301F-11D3-BF4B-00C04F79EFBC}") = "UnityEditor.UI", "UnityEditor.UI.csproj", "{9AA4F40D-1B41-5862-9496-0A485627F772}"
EndProject
Project("{FAE04EC0-301F-11D3-BF4B-00C04F79EFBC}") = "Unity.Services.Core.Editor", "Unity.Services.Core.Editor.csproj", "{DF8351A9-D513-3675-F14B-533517D983D8}"
EndProject
Project("{FAE04EC0-301F-11D3-BF4B-00C04F79EFBC}") = "Unity.Timeline.Editor", "Unity.Timeline.Editor.csproj", "{7EDB5F08-16A8-A88C-B149-6A3F4E0E414C}"
EndProject
Project("{FAE04EC0-301F-11D3-BF4B-00C04F79EFBC}") = "Unity.VisualStudio.Editor", "Unity.VisualStudio.Editor.csproj", "{85A6EE58-BDB6-3BBB-8B6B-7FB8FA34B131}"
EndProject
Project("{FAE04EC0-301F-11D3-BF4B-00C04F79EFBC}") = "Unity.2D.Psdimporter.Editor", "Unity.2D.Psdimporter.Editor.csproj", "{34716666-869D-77E3-3566-A32623EB07A9}"
EndProject
Project("{FAE04EC0-301F-11D3-BF4B-00C04F79EFBC}") = "Unity.2D.Animation.Editor", "Unity.2D.Animation.Editor.csproj", "{69B5E6E0-2A8E-E2C3-0B25-1569D8AFD4D4}"
EndProject
Project("{FAE04EC0-301F-11D3-BF4B-00C04F79EFBC}") = "Unity.TextMeshPro.Editor", "Unity.TextMeshPro.Editor.csproj", "{AA2BD59B-B4F9-F9C6-9422-54303C5A59F5}"
EndProject
Project("{FAE04EC0-301F-11D3-BF4B-00C04F79EFBC}") = "Unity.2D.SpriteShape.Editor", "Unity.2D.SpriteShape.Editor.csproj", "{D30CE5D4-2E1C-A28F-A9FA-58D6C9267FC4}"
EndProject
Project("{FAE04EC0-301F-11D3-BF4B-00C04F79EFBC}") = "Unity.CollabProxy.Editor", "Unity.CollabProxy.Editor.csproj", "{3C567618-9968-8C0F-A7BF-DA31FB99B905}"
EndProject
Project("{FAE04EC0-301F-11D3-BF4B-00C04F79EFBC}") = "PsdPlugin", "PsdPlugin.csproj", "{42DB443E-9F9A-E5BE-8B42-0A411F3C2F9C}"
EndProject
Project("{FAE04EC0-301F-11D3-BF4B-00C04F79EFBC}") = "Unity.2D.Path.Editor", "Unity.2D.Path.Editor.csproj", "{CDFF71AA-4E55-E4CC-F4C0-C315EF20CBA2}"
EndProject
Project("{FAE04EC0-301F-11D3-BF4B-00C04F79EFBC}") = "Unity.Rider.Editor", "Unity.Rider.Editor.csproj", "{6519DCD7-13D9-2676-5681-0EAA6E3B6E57}"
EndProject
Project("{FAE04EC0-301F-11D3-BF4B-00C04F79EFBC}") = "Unity.2D.IK.Editor", "Unity.2D.IK.Editor.csproj", "{F12D506A-9789-956F-2DC0-13EB8E682D5E}"
EndProject
Project("{FAE04EC0-301F-11D3-BF4B-00C04F79EFBC}") = "Unity.2D.Sprite.Editor", "Unity.2D.Sprite.Editor.csproj", "{BF04BBDC-CA6E-F132-FF36-EE086F5A2EC4}"
EndProject
Project("{FAE04EC0-301F-11D3-BF4B-00C04F79EFBC}") = "Unity.2D.Tilemap.Editor", "Unity.2D.Tilemap.Editor.csproj", "{70BA195B-4A98-2BA5-35EF-2D5999A9004C}"
EndProject
Project("{FAE04EC0-301F-11D3-BF4B-00C04F79EFBC}") = "Unity.2D.PixelPerfect.Editor", "Unity.2D.PixelPerfect.Editor.csproj", "{2A87D0AD-D2B3-5A8E-B5EE-F8FC2ADA5316}"
EndProject
Project("{FAE04EC0-301F-11D3-BF4B-00C04F79EFBC}") = "Unity.VSCode.Editor", "Unity.VSCode.Editor.csproj", "{0AC98E37-0CD6-FFD7-2E82-16CF16D366E4}"
EndProject
Project("{FAE04EC0-301F-11D3-BF4B-00C04F79EFBC}") = "Unity.2D.Common.Editor", "Unity.2D.Common.Editor.csproj", "{AE738DD8-D78B-E02F-6857-BE03918270AC}"
EndProject
Project("{FAE04EC0-301F-11D3-BF4B-00C04F79EFBC}") = "Unity.Mathematics.Editor", "Unity.Mathematics.Editor.csproj", "{8CDA26EF-68A6-C10B-BC7E-4898683450CA}"
EndProject
Project("{FAE04EC0-301F-11D3-BF4B-00C04F79EFBC}") = "Unity.InternalAPIEditorBridge.001", "Unity.InternalAPIEditorBridge.001.csproj", "{11781BEB-15C2-9EA6-8456-9EC1991198A2}"
EndProject
Project("{FAE04EC0-301F-11D3-BF4B-00C04F79EFBC}") = "Assembly-CSharp-Editor-firstpass", "Assembly-CSharp-Editor-firstpass.csproj", "{5FED9D87-412B-AA6A-4EA9-24B71493C90C}"
EndProject
Project("{FAE04EC0-301F-11D3-BF4B-00C04F79EFBC}") = "UnityEngine.TestRunner", "UnityEngine.TestRunner.Player.csproj", "{3200851F-52F9-D17D-B2A8-50DB42782716}"
EndProject
Project("{FAE04EC0-301F-11D3-BF4B-00C04F79EFBC}") = "Unity.Mathematics", "Unity.Mathematics.Player.csproj", "{05F3C068-D527-5DF6-0315-2E2E9DDBE9DA}"
EndProject
Project("{FAE04EC0-301F-11D3-BF4B-00C04F79EFBC}") = "Unity.2D.Animation.Triangle.Runtime", "Unity.2D.Animation.Triangle.Runtime.Player.csproj", "{CC3A82E2-7E8A-4796-C54F-3D9E35BBE5FD}"
EndProject
Project("{FAE04EC0-301F-11D3-BF4B-00C04F79EFBC}") = "Unity.Timeline", "Unity.Timeline.Player.csproj", "{B0578614-FA02-DFC1-23ED-6267EDBFB1FF}"
EndProject
Project("{FAE04EC0-301F-11D3-BF4B-00C04F79EFBC}") = "UnityEngine.UI", "UnityEngine.UI.Player.csproj", "{F1B8C0B5-864F-5C63-A8F4-5DDAFCDB9B9F}"
EndProject
Project("{FAE04EC0-301F-11D3-BF4B-00C04F79EFBC}") = "Unity.TextMeshPro", "Unity.TextMeshPro.Player.csproj", "{AC05F967-B2A2-5E81-C012-5506FCDA0055}"
EndProject
Project("{FAE04EC0-301F-11D3-BF4B-00C04F79EFBC}") = "Unity.2D.Animation.Runtime", "Unity.2D.Animation.Runtime.Player.csproj", "{099D3ED3-BDF8-9415-DE6E-04B35B704B44}"
EndProject
Project("{FAE04EC0-301F-11D3-BF4B-00C04F79EFBC}") = "Unity.2D.IK.Runtime", "Unity.2D.IK.Runtime.Player.csproj", "{7FED8B14-6696-20E4-E4C1-72C7043E9A52}"
EndProject
Project("{FAE04EC0-301F-11D3-BF4B-00C04F79EFBC}") = "Unity.2D.SpriteShape.Runtime", "Unity.2D.SpriteShape.Runtime.Player.csproj", "{039FA805-554B-FFAC-CC62-E71E79EA4163}"
EndProject
Project("{FAE04EC0-301F-11D3-BF4B-00C04F79EFBC}") = "Unity.2D.PixelPerfect", "Unity.2D.PixelPerfect.Player.csproj", "{CE23B110-5121-FBF9-A9F1-271FC1BE1DEA}"
EndProject
Project("{FAE04EC0-301F-11D3-BF4B-00C04F79EFBC}") = "Unity.2D.Common.Runtime", "Unity.2D.Common.Runtime.Player.csproj", "{AA6E9AB6-BDB6-0514-418A-D78345D4C0BB}"
EndProject
Project("{FAE04EC0-301F-11D3-BF4B-00C04F79EFBC}") = "Unity.InternalAPIEngineBridge.001", "Unity.InternalAPIEngineBridge.001.Player.csproj", "{A354A3ED-3BD3-522D-7E77-A2A7F899851C}"
EndProject
Global
	GlobalSection(SolutionConfigurationPlatforms) = preSolution
		Debug|Any CPU = Debug|Any CPU
		Release|Any CPU = Release|Any CPU
	EndGlobalSection
	GlobalSection(ProjectConfigurationPlatforms) = postSolution
		{148DC4F3-712D-D0AE-6677-C44DB318B4BC}.Debug|Any CPU.ActiveCfg = Debug|Any CPU
		{148DC4F3-712D-D0AE-6677-C44DB318B4BC}.Debug|Any CPU.Build.0 = Debug|Any CPU
		{148DC4F3-712D-D0AE-6677-C44DB318B4BC}.Release|Any CPU.ActiveCfg = Release|Any CPU
		{148DC4F3-712D-D0AE-6677-C44DB318B4BC}.Release|Any CPU.Build.0 = Release|Any CPU
		{50C671FD-2826-AD51-20E7-5EBB66050269}.Debug|Any CPU.ActiveCfg = Debug|Any CPU
		{50C671FD-2826-AD51-20E7-5EBB66050269}.Debug|Any CPU.Build.0 = Debug|Any CPU
		{50C671FD-2826-AD51-20E7-5EBB66050269}.Release|Any CPU.ActiveCfg = Release|Any CPU
		{50C671FD-2826-AD51-20E7-5EBB66050269}.Release|Any CPU.Build.0 = Release|Any CPU
		{83587BA1-44D1-FD22-E4CB-AF26BD1BD288}.Debug|Any CPU.ActiveCfg = Debug|Any CPU
		{83587BA1-44D1-FD22-E4CB-AF26BD1BD288}.Debug|Any CPU.Build.0 = Debug|Any CPU
		{83587BA1-44D1-FD22-E4CB-AF26BD1BD288}.Release|Any CPU.ActiveCfg = Release|Any CPU
		{83587BA1-44D1-FD22-E4CB-AF26BD1BD288}.Release|Any CPU.Build.0 = Release|Any CPU
		{B897BF49-C670-EEE8-83DE-6AA3E455C9BF}.Debug|Any CPU.ActiveCfg = Debug|Any CPU
		{B897BF49-C670-EEE8-83DE-6AA3E455C9BF}.Debug|Any CPU.Build.0 = Debug|Any CPU
		{B897BF49-C670-EEE8-83DE-6AA3E455C9BF}.Release|Any CPU.ActiveCfg = Release|Any CPU
		{B897BF49-C670-EEE8-83DE-6AA3E455C9BF}.Release|Any CPU.Build.0 = Release|Any CPU
		{5894E448-A036-BBFA-8C32-10E10CD4A4D8}.Debug|Any CPU.ActiveCfg = Debug|Any CPU
		{5894E448-A036-BBFA-8C32-10E10CD4A4D8}.Debug|Any CPU.Build.0 = Debug|Any CPU
		{5894E448-A036-BBFA-8C32-10E10CD4A4D8}.Release|Any CPU.ActiveCfg = Release|Any CPU
		{5894E448-A036-BBFA-8C32-10E10CD4A4D8}.Release|Any CPU.Build.0 = Release|Any CPU
		{871B7546-D330-5F50-388F-5CB1E107C6AF}.Debug|Any CPU.ActiveCfg = Debug|Any CPU
		{871B7546-D330-5F50-388F-5CB1E107C6AF}.Debug|Any CPU.Build.0 = Debug|Any CPU
		{871B7546-D330-5F50-388F-5CB1E107C6AF}.Release|Any CPU.ActiveCfg = Release|Any CPU
		{871B7546-D330-5F50-388F-5CB1E107C6AF}.Release|Any CPU.Build.0 = Release|Any CPU
		{92658A0C-7528-89BF-94A3-4338956CDDE6}.Debug|Any CPU.ActiveCfg = Debug|Any CPU
		{92658A0C-7528-89BF-94A3-4338956CDDE6}.Debug|Any CPU.Build.0 = Debug|Any CPU
		{92658A0C-7528-89BF-94A3-4338956CDDE6}.Release|Any CPU.ActiveCfg = Release|Any CPU
		{92658A0C-7528-89BF-94A3-4338956CDDE6}.Release|Any CPU.Build.0 = Release|Any CPU
		{4B4FB034-E08E-A894-15F9-1BD0F4A40A9C}.Debug|Any CPU.ActiveCfg = Debug|Any CPU
		{4B4FB034-E08E-A894-15F9-1BD0F4A40A9C}.Debug|Any CPU.Build.0 = Debug|Any CPU
		{4B4FB034-E08E-A894-15F9-1BD0F4A40A9C}.Release|Any CPU.ActiveCfg = Release|Any CPU
		{4B4FB034-E08E-A894-15F9-1BD0F4A40A9C}.Release|Any CPU.Build.0 = Release|Any CPU
		{AE9BC9F3-1C3F-79CE-5716-78645674A966}.Debug|Any CPU.ActiveCfg = Debug|Any CPU
		{AE9BC9F3-1C3F-79CE-5716-78645674A966}.Debug|Any CPU.Build.0 = Debug|Any CPU
		{AE9BC9F3-1C3F-79CE-5716-78645674A966}.Release|Any CPU.ActiveCfg = Release|Any CPU
		{AE9BC9F3-1C3F-79CE-5716-78645674A966}.Release|Any CPU.Build.0 = Release|Any CPU
		{43929F3F-FEDB-31A7-E1A2-518D7E5D7804}.Debug|Any CPU.ActiveCfg = Debug|Any CPU
		{43929F3F-FEDB-31A7-E1A2-518D7E5D7804}.Debug|Any CPU.Build.0 = Debug|Any CPU
		{43929F3F-FEDB-31A7-E1A2-518D7E5D7804}.Release|Any CPU.ActiveCfg = Release|Any CPU
		{43929F3F-FEDB-31A7-E1A2-518D7E5D7804}.Release|Any CPU.Build.0 = Release|Any CPU
		{CD18AA64-4E1A-D20C-A48B-5AA1021BEED4}.Debug|Any CPU.ActiveCfg = Debug|Any CPU
		{CD18AA64-4E1A-D20C-A48B-5AA1021BEED4}.Debug|Any CPU.Build.0 = Debug|Any CPU
		{CD18AA64-4E1A-D20C-A48B-5AA1021BEED4}.Release|Any CPU.ActiveCfg = Release|Any CPU
		{CD18AA64-4E1A-D20C-A48B-5AA1021BEED4}.Release|Any CPU.Build.0 = Release|Any CPU
		{F071258B-CBC4-7BC6-9C39-3A9B49085B54}.Debug|Any CPU.ActiveCfg = Debug|Any CPU
		{F071258B-CBC4-7BC6-9C39-3A9B49085B54}.Debug|Any CPU.Build.0 = Debug|Any CPU
		{F071258B-CBC4-7BC6-9C39-3A9B49085B54}.Release|Any CPU.ActiveCfg = Release|Any CPU
		{F071258B-CBC4-7BC6-9C39-3A9B49085B54}.Release|Any CPU.Build.0 = Release|Any CPU
		{2D94372E-0079-D771-9842-90A3179993FD}.Debug|Any CPU.ActiveCfg = Debug|Any CPU
		{2D94372E-0079-D771-9842-90A3179993FD}.Debug|Any CPU.Build.0 = Debug|Any CPU
		{2D94372E-0079-D771-9842-90A3179993FD}.Release|Any CPU.ActiveCfg = Release|Any CPU
		{2D94372E-0079-D771-9842-90A3179993FD}.Release|Any CPU.Build.0 = Release|Any CPU
		{D4851618-13BB-FF4D-AD46-FA9F98BFF40E}.Debug|Any CPU.ActiveCfg = Debug|Any CPU
		{D4851618-13BB-FF4D-AD46-FA9F98BFF40E}.Debug|Any CPU.Build.0 = Debug|Any CPU
		{D4851618-13BB-FF4D-AD46-FA9F98BFF40E}.Release|Any CPU.ActiveCfg = Release|Any CPU
		{D4851618-13BB-FF4D-AD46-FA9F98BFF40E}.Release|Any CPU.Build.0 = Release|Any CPU
		{9AA4F40D-1B41-5862-9496-0A485627F772}.Debug|Any CPU.ActiveCfg = Debug|Any CPU
		{9AA4F40D-1B41-5862-9496-0A485627F772}.Debug|Any CPU.Build.0 = Debug|Any CPU
		{9AA4F40D-1B41-5862-9496-0A485627F772}.Release|Any CPU.ActiveCfg = Release|Any CPU
		{9AA4F40D-1B41-5862-9496-0A485627F772}.Release|Any CPU.Build.0 = Release|Any CPU
		{DF8351A9-D513-3675-F14B-533517D983D8}.Debug|Any CPU.ActiveCfg = Debug|Any CPU
		{DF8351A9-D513-3675-F14B-533517D983D8}.Debug|Any CPU.Build.0 = Debug|Any CPU
		{DF8351A9-D513-3675-F14B-533517D983D8}.Release|Any CPU.ActiveCfg = Release|Any CPU
		{DF8351A9-D513-3675-F14B-533517D983D8}.Release|Any CPU.Build.0 = Release|Any CPU
		{7EDB5F08-16A8-A88C-B149-6A3F4E0E414C}.Debug|Any CPU.ActiveCfg = Debug|Any CPU
		{7EDB5F08-16A8-A88C-B149-6A3F4E0E414C}.Debug|Any CPU.Build.0 = Debug|Any CPU
		{7EDB5F08-16A8-A88C-B149-6A3F4E0E414C}.Release|Any CPU.ActiveCfg = Release|Any CPU
		{7EDB5F08-16A8-A88C-B149-6A3F4E0E414C}.Release|Any CPU.Build.0 = Release|Any CPU
		{85A6EE58-BDB6-3BBB-8B6B-7FB8FA34B131}.Debug|Any CPU.ActiveCfg = Debug|Any CPU
		{85A6EE58-BDB6-3BBB-8B6B-7FB8FA34B131}.Debug|Any CPU.Build.0 = Debug|Any CPU
		{85A6EE58-BDB6-3BBB-8B6B-7FB8FA34B131}.Release|Any CPU.ActiveCfg = Release|Any CPU
		{85A6EE58-BDB6-3BBB-8B6B-7FB8FA34B131}.Release|Any CPU.Build.0 = Release|Any CPU
		{34716666-869D-77E3-3566-A32623EB07A9}.Debug|Any CPU.ActiveCfg = Debug|Any CPU
		{34716666-869D-77E3-3566-A32623EB07A9}.Debug|Any CPU.Build.0 = Debug|Any CPU
		{34716666-869D-77E3-3566-A32623EB07A9}.Release|Any CPU.ActiveCfg = Release|Any CPU
		{34716666-869D-77E3-3566-A32623EB07A9}.Release|Any CPU.Build.0 = Release|Any CPU
		{69B5E6E0-2A8E-E2C3-0B25-1569D8AFD4D4}.Debug|Any CPU.ActiveCfg = Debug|Any CPU
		{69B5E6E0-2A8E-E2C3-0B25-1569D8AFD4D4}.Debug|Any CPU.Build.0 = Debug|Any CPU
		{69B5E6E0-2A8E-E2C3-0B25-1569D8AFD4D4}.Release|Any CPU.ActiveCfg = Release|Any CPU
		{69B5E6E0-2A8E-E2C3-0B25-1569D8AFD4D4}.Release|Any CPU.Build.0 = Release|Any CPU
		{AA2BD59B-B4F9-F9C6-9422-54303C5A59F5}.Debug|Any CPU.ActiveCfg = Debug|Any CPU
		{AA2BD59B-B4F9-F9C6-9422-54303C5A59F5}.Debug|Any CPU.Build.0 = Debug|Any CPU
		{AA2BD59B-B4F9-F9C6-9422-54303C5A59F5}.Release|Any CPU.ActiveCfg = Release|Any CPU
		{AA2BD59B-B4F9-F9C6-9422-54303C5A59F5}.Release|Any CPU.Build.0 = Release|Any CPU
		{D30CE5D4-2E1C-A28F-A9FA-58D6C9267FC4}.Debug|Any CPU.ActiveCfg = Debug|Any CPU
		{D30CE5D4-2E1C-A28F-A9FA-58D6C9267FC4}.Debug|Any CPU.Build.0 = Debug|Any CPU
		{D30CE5D4-2E1C-A28F-A9FA-58D6C9267FC4}.Release|Any CPU.ActiveCfg = Release|Any CPU
		{D30CE5D4-2E1C-A28F-A9FA-58D6C9267FC4}.Release|Any CPU.Build.0 = Release|Any CPU
		{3C567618-9968-8C0F-A7BF-DA31FB99B905}.Debug|Any CPU.ActiveCfg = Debug|Any CPU
		{3C567618-9968-8C0F-A7BF-DA31FB99B905}.Debug|Any CPU.Build.0 = Debug|Any CPU
		{3C567618-9968-8C0F-A7BF-DA31FB99B905}.Release|Any CPU.ActiveCfg = Release|Any CPU
		{3C567618-9968-8C0F-A7BF-DA31FB99B905}.Release|Any CPU.Build.0 = Release|Any CPU
		{42DB443E-9F9A-E5BE-8B42-0A411F3C2F9C}.Debug|Any CPU.ActiveCfg = Debug|Any CPU
		{42DB443E-9F9A-E5BE-8B42-0A411F3C2F9C}.Debug|Any CPU.Build.0 = Debug|Any CPU
		{42DB443E-9F9A-E5BE-8B42-0A411F3C2F9C}.Release|Any CPU.ActiveCfg = Release|Any CPU
		{42DB443E-9F9A-E5BE-8B42-0A411F3C2F9C}.Release|Any CPU.Build.0 = Release|Any CPU
		{CDFF71AA-4E55-E4CC-F4C0-C315EF20CBA2}.Debug|Any CPU.ActiveCfg = Debug|Any CPU
		{CDFF71AA-4E55-E4CC-F4C0-C315EF20CBA2}.Debug|Any CPU.Build.0 = Debug|Any CPU
		{CDFF71AA-4E55-E4CC-F4C0-C315EF20CBA2}.Release|Any CPU.ActiveCfg = Release|Any CPU
		{CDFF71AA-4E55-E4CC-F4C0-C315EF20CBA2}.Release|Any CPU.Build.0 = Release|Any CPU
		{6519DCD7-13D9-2676-5681-0EAA6E3B6E57}.Debug|Any CPU.ActiveCfg = Debug|Any CPU
		{6519DCD7-13D9-2676-5681-0EAA6E3B6E57}.Debug|Any CPU.Build.0 = Debug|Any CPU
		{6519DCD7-13D9-2676-5681-0EAA6E3B6E57}.Release|Any CPU.ActiveCfg = Release|Any CPU
		{6519DCD7-13D9-2676-5681-0EAA6E3B6E57}.Release|Any CPU.Build.0 = Release|Any CPU
		{F12D506A-9789-956F-2DC0-13EB8E682D5E}.Debug|Any CPU.ActiveCfg = Debug|Any CPU
		{F12D506A-9789-956F-2DC0-13EB8E682D5E}.Debug|Any CPU.Build.0 = Debug|Any CPU
		{F12D506A-9789-956F-2DC0-13EB8E682D5E}.Release|Any CPU.ActiveCfg = Release|Any CPU
		{F12D506A-9789-956F-2DC0-13EB8E682D5E}.Release|Any CPU.Build.0 = Release|Any CPU
		{BF04BBDC-CA6E-F132-FF36-EE086F5A2EC4}.Debug|Any CPU.ActiveCfg = Debug|Any CPU
		{BF04BBDC-CA6E-F132-FF36-EE086F5A2EC4}.Debug|Any CPU.Build.0 = Debug|Any CPU
		{BF04BBDC-CA6E-F132-FF36-EE086F5A2EC4}.Release|Any CPU.ActiveCfg = Release|Any CPU
		{BF04BBDC-CA6E-F132-FF36-EE086F5A2EC4}.Release|Any CPU.Build.0 = Release|Any CPU
		{70BA195B-4A98-2BA5-35EF-2D5999A9004C}.Debug|Any CPU.ActiveCfg = Debug|Any CPU
		{70BA195B-4A98-2BA5-35EF-2D5999A9004C}.Debug|Any CPU.Build.0 = Debug|Any CPU
		{70BA195B-4A98-2BA5-35EF-2D5999A9004C}.Release|Any CPU.ActiveCfg = Release|Any CPU
		{70BA195B-4A98-2BA5-35EF-2D5999A9004C}.Release|Any CPU.Build.0 = Release|Any CPU
		{2A87D0AD-D2B3-5A8E-B5EE-F8FC2ADA5316}.Debug|Any CPU.ActiveCfg = Debug|Any CPU
		{2A87D0AD-D2B3-5A8E-B5EE-F8FC2ADA5316}.Debug|Any CPU.Build.0 = Debug|Any CPU
		{2A87D0AD-D2B3-5A8E-B5EE-F8FC2ADA5316}.Release|Any CPU.ActiveCfg = Release|Any CPU
		{2A87D0AD-D2B3-5A8E-B5EE-F8FC2ADA5316}.Release|Any CPU.Build.0 = Release|Any CPU
		{0AC98E37-0CD6-FFD7-2E82-16CF16D366E4}.Debug|Any CPU.ActiveCfg = Debug|Any CPU
		{0AC98E37-0CD6-FFD7-2E82-16CF16D366E4}.Debug|Any CPU.Build.0 = Debug|Any CPU
		{0AC98E37-0CD6-FFD7-2E82-16CF16D366E4}.Release|Any CPU.ActiveCfg = Release|Any CPU
		{0AC98E37-0CD6-FFD7-2E82-16CF16D366E4}.Release|Any CPU.Build.0 = Release|Any CPU
		{AE738DD8-D78B-E02F-6857-BE03918270AC}.Debug|Any CPU.ActiveCfg = Debug|Any CPU
		{AE738DD8-D78B-E02F-6857-BE03918270AC}.Debug|Any CPU.Build.0 = Debug|Any CPU
		{AE738DD8-D78B-E02F-6857-BE03918270AC}.Release|Any CPU.ActiveCfg = Release|Any CPU
		{AE738DD8-D78B-E02F-6857-BE03918270AC}.Release|Any CPU.Build.0 = Release|Any CPU
		{8CDA26EF-68A6-C10B-BC7E-4898683450CA}.Debug|Any CPU.ActiveCfg = Debug|Any CPU
		{8CDA26EF-68A6-C10B-BC7E-4898683450CA}.Debug|Any CPU.Build.0 = Debug|Any CPU
		{8CDA26EF-68A6-C10B-BC7E-4898683450CA}.Release|Any CPU.ActiveCfg = Release|Any CPU
		{8CDA26EF-68A6-C10B-BC7E-4898683450CA}.Release|Any CPU.Build.0 = Release|Any CPU
		{11781BEB-15C2-9EA6-8456-9EC1991198A2}.Debug|Any CPU.ActiveCfg = Debug|Any CPU
		{11781BEB-15C2-9EA6-8456-9EC1991198A2}.Debug|Any CPU.Build.0 = Debug|Any CPU
		{11781BEB-15C2-9EA6-8456-9EC1991198A2}.Release|Any CPU.ActiveCfg = Release|Any CPU
		{11781BEB-15C2-9EA6-8456-9EC1991198A2}.Release|Any CPU.Build.0 = Release|Any CPU
		{5FED9D87-412B-AA6A-4EA9-24B71493C90C}.Debug|Any CPU.ActiveCfg = Debug|Any CPU
		{5FED9D87-412B-AA6A-4EA9-24B71493C90C}.Debug|Any CPU.Build.0 = Debug|Any CPU
		{5FED9D87-412B-AA6A-4EA9-24B71493C90C}.Release|Any CPU.ActiveCfg = Release|Any CPU
		{5FED9D87-412B-AA6A-4EA9-24B71493C90C}.Release|Any CPU.Build.0 = Release|Any CPU
		{3200851F-52F9-D17D-B2A8-50DB42782716}.Debug|Any CPU.ActiveCfg = Debug|Any CPU
		{3200851F-52F9-D17D-B2A8-50DB42782716}.Debug|Any CPU.Build.0 = Debug|Any CPU
		{3200851F-52F9-D17D-B2A8-50DB42782716}.Release|Any CPU.ActiveCfg = Release|Any CPU
		{3200851F-52F9-D17D-B2A8-50DB42782716}.Release|Any CPU.Build.0 = Release|Any CPU
		{05F3C068-D527-5DF6-0315-2E2E9DDBE9DA}.Debug|Any CPU.ActiveCfg = Debug|Any CPU
		{05F3C068-D527-5DF6-0315-2E2E9DDBE9DA}.Debug|Any CPU.Build.0 = Debug|Any CPU
		{05F3C068-D527-5DF6-0315-2E2E9DDBE9DA}.Release|Any CPU.ActiveCfg = Release|Any CPU
		{05F3C068-D527-5DF6-0315-2E2E9DDBE9DA}.Release|Any CPU.Build.0 = Release|Any CPU
		{CC3A82E2-7E8A-4796-C54F-3D9E35BBE5FD}.Debug|Any CPU.ActiveCfg = Debug|Any CPU
		{CC3A82E2-7E8A-4796-C54F-3D9E35BBE5FD}.Debug|Any CPU.Build.0 = Debug|Any CPU
		{CC3A82E2-7E8A-4796-C54F-3D9E35BBE5FD}.Release|Any CPU.ActiveCfg = Release|Any CPU
		{CC3A82E2-7E8A-4796-C54F-3D9E35BBE5FD}.Release|Any CPU.Build.0 = Release|Any CPU
		{B0578614-FA02-DFC1-23ED-6267EDBFB1FF}.Debug|Any CPU.ActiveCfg = Debug|Any CPU
		{B0578614-FA02-DFC1-23ED-6267EDBFB1FF}.Debug|Any CPU.Build.0 = Debug|Any CPU
		{B0578614-FA02-DFC1-23ED-6267EDBFB1FF}.Release|Any CPU.ActiveCfg = Release|Any CPU
		{B0578614-FA02-DFC1-23ED-6267EDBFB1FF}.Release|Any CPU.Build.0 = Release|Any CPU
		{F1B8C0B5-864F-5C63-A8F4-5DDAFCDB9B9F}.Debug|Any CPU.ActiveCfg = Debug|Any CPU
		{F1B8C0B5-864F-5C63-A8F4-5DDAFCDB9B9F}.Debug|Any CPU.Build.0 = Debug|Any CPU
		{F1B8C0B5-864F-5C63-A8F4-5DDAFCDB9B9F}.Release|Any CPU.ActiveCfg = Release|Any CPU
		{F1B8C0B5-864F-5C63-A8F4-5DDAFCDB9B9F}.Release|Any CPU.Build.0 = Release|Any CPU
		{AC05F967-B2A2-5E81-C012-5506FCDA0055}.Debug|Any CPU.ActiveCfg = Debug|Any CPU
		{AC05F967-B2A2-5E81-C012-5506FCDA0055}.Debug|Any CPU.Build.0 = Debug|Any CPU
		{AC05F967-B2A2-5E81-C012-5506FCDA0055}.Release|Any CPU.ActiveCfg = Release|Any CPU
		{AC05F967-B2A2-5E81-C012-5506FCDA0055}.Release|Any CPU.Build.0 = Release|Any CPU
		{099D3ED3-BDF8-9415-DE6E-04B35B704B44}.Debug|Any CPU.ActiveCfg = Debug|Any CPU
		{099D3ED3-BDF8-9415-DE6E-04B35B704B44}.Debug|Any CPU.Build.0 = Debug|Any CPU
		{099D3ED3-BDF8-9415-DE6E-04B35B704B44}.Release|Any CPU.ActiveCfg = Release|Any CPU
		{099D3ED3-BDF8-9415-DE6E-04B35B704B44}.Release|Any CPU.Build.0 = Release|Any CPU
		{7FED8B14-6696-20E4-E4C1-72C7043E9A52}.Debug|Any CPU.ActiveCfg = Debug|Any CPU
		{7FED8B14-6696-20E4-E4C1-72C7043E9A52}.Debug|Any CPU.Build.0 = Debug|Any CPU
		{7FED8B14-6696-20E4-E4C1-72C7043E9A52}.Release|Any CPU.ActiveCfg = Release|Any CPU
		{7FED8B14-6696-20E4-E4C1-72C7043E9A52}.Release|Any CPU.Build.0 = Release|Any CPU
		{039FA805-554B-FFAC-CC62-E71E79EA4163}.Debug|Any CPU.ActiveCfg = Debug|Any CPU
		{039FA805-554B-FFAC-CC62-E71E79EA4163}.Debug|Any CPU.Build.0 = Debug|Any CPU
		{039FA805-554B-FFAC-CC62-E71E79EA4163}.Release|Any CPU.ActiveCfg = Release|Any CPU
		{039FA805-554B-FFAC-CC62-E71E79EA4163}.Release|Any CPU.Build.0 = Release|Any CPU
		{CE23B110-5121-FBF9-A9F1-271FC1BE1DEA}.Debug|Any CPU.ActiveCfg = Debug|Any CPU
		{CE23B110-5121-FBF9-A9F1-271FC1BE1DEA}.Debug|Any CPU.Build.0 = Debug|Any CPU
		{CE23B110-5121-FBF9-A9F1-271FC1BE1DEA}.Release|Any CPU.ActiveCfg = Release|Any CPU
		{CE23B110-5121-FBF9-A9F1-271FC1BE1DEA}.Release|Any CPU.Build.0 = Release|Any CPU
		{AA6E9AB6-BDB6-0514-418A-D78345D4C0BB}.Debug|Any CPU.ActiveCfg = Debug|Any CPU
		{AA6E9AB6-BDB6-0514-418A-D78345D4C0BB}.Debug|Any CPU.Build.0 = Debug|Any CPU
		{AA6E9AB6-BDB6-0514-418A-D78345D4C0BB}.Release|Any CPU.ActiveCfg = Release|Any CPU
		{AA6E9AB6-BDB6-0514-418A-D78345D4C0BB}.Release|Any CPU.Build.0 = Release|Any CPU
		{A354A3ED-3BD3-522D-7E77-A2A7F899851C}.Debug|Any CPU.ActiveCfg = Debug|Any CPU
		{A354A3ED-3BD3-522D-7E77-A2A7F899851C}.Debug|Any CPU.Build.0 = Debug|Any CPU
		{A354A3ED-3BD3-522D-7E77-A2A7F899851C}.Release|Any CPU.ActiveCfg = Release|Any CPU
		{A354A3ED-3BD3-522D-7E77-A2A7F899851C}.Release|Any CPU.Build.0 = Release|Any CPU
	EndGlobalSection
	GlobalSection(SolutionProperties) = preSolution
		HideSolutionNode = FALSE
	EndGlobalSection
EndGlobal
